// !$*UTF8*$!
{
	archiveVersion = 1;
	classes = {
	};
	objectVersion = 50;
	objects = {

/* Begin PBXBuildFile section */
		CB37F13F23F7758D007870BB /* AppDelegate.swift in Sources */ = {isa = PBXBuildFile; fileRef = CB37F13E23F7758D007870BB /* AppDelegate.swift */; };
		CB37F14123F7758D007870BB /* SceneDelegate.swift in Sources */ = {isa = PBXBuildFile; fileRef = CB37F14023F7758D007870BB /* SceneDelegate.swift */; };
		CB37F14623F7758D007870BB /* Main.storyboard in Resources */ = {isa = PBXBuildFile; fileRef = CB37F14423F7758D007870BB /* Main.storyboard */; };
		CB37F14823F77591007870BB /* Assets.xcassets in Resources */ = {isa = PBXBuildFile; fileRef = CB37F14723F77591007870BB /* Assets.xcassets */; };
		CB37F14B23F77591007870BB /* LaunchScreen.storyboard in Resources */ = {isa = PBXBuildFile; fileRef = CB37F14923F77591007870BB /* LaunchScreen.storyboard */; };
		CB37F15623F77A5B007870BB /* Races.swift in Sources */ = {isa = PBXBuildFile; fileRef = CB37F15523F77A5B007870BB /* Races.swift */; };
/* End PBXBuildFile section */

/* Begin PBXFileReference section */
		CB37F13B23F7758D007870BB /* Miawouf.app */ = {isa = PBXFileReference; explicitFileType = wrapper.application; includeInIndex = 0; path = Miawouf.app; sourceTree = BUILT_PRODUCTS_DIR; };
		CB37F13E23F7758D007870BB /* AppDelegate.swift */ = {isa = PBXFileReference; lastKnownFileType = sourcecode.swift; path = AppDelegate.swift; sourceTree = "<group>"; };
		CB37F14023F7758D007870BB /* SceneDelegate.swift */ = {isa = PBXFileReference; lastKnownFileType = sourcecode.swift; path = SceneDelegate.swift; sourceTree = "<group>"; };
		CB37F14523F7758D007870BB /* Base */ = {isa = PBXFileReference; lastKnownFileType = file.storyboard; name = Base; path = Base.lproj/Main.storyboard; sourceTree = "<group>"; };
		CB37F14723F77591007870BB /* Assets.xcassets */ = {isa = PBXFileReference; lastKnownFileType = folder.assetcatalog; path = Assets.xcassets; sourceTree = "<group>"; };
		CB37F14A23F77591007870BB /* Base */ = {isa = PBXFileReference; lastKnownFileType = file.storyboard; name = Base; path = Base.lproj/LaunchScreen.storyboard; sourceTree = "<group>"; };
		CB37F14C23F77592007870BB /* Info.plist */ = {isa = PBXFileReference; lastKnownFileType = text.plist.xml; path = Info.plist; sourceTree = "<group>"; };
		CB37F15523F77A5B007870BB /* Races.swift */ = {isa = PBXFileReference; fileEncoding = 4; lastKnownFileType = sourcecode.swift; name = Races.swift; path = "../../../../Downloads/App Assets 2/Races.swift"; sourceTree = "<group>"; };
/* End PBXFileReference section */

/* Begin PBXFrameworksBuildPhase section */
		CB37F13823F7758D007870BB /* Frameworks */ = {
			isa = PBXFrameworksBuildPhase;
			buildActionMask = 2147483647;
			files = (
			);
			runOnlyForDeploymentPostprocessing = 0;
		};
/* End PBXFrameworksBuildPhase section */

/* Begin PBXGroup section */
		CB37F13223F7758D007870BB = {
			isa = PBXGroup;
			children = (
				CB37F13D23F7758D007870BB /* Miawouf */,
				CB37F13C23F7758D007870BB /* Products */,
			);
			sourceTree = "<group>";
		};
		CB37F13C23F7758D007870BB /* Products */ = {
			isa = PBXGroup;
			children = (
				CB37F13B23F7758D007870BB /* Miawouf.app */,
			);
			name = Products;
			sourceTree = "<group>";
		};
		CB37F13D23F7758D007870BB /* Miawouf */ = {
			isa = PBXGroup;
			children = (
				CB37F13E23F7758D007870BB /* AppDelegate.swift */,
				CB37F14023F7758D007870BB /* SceneDelegate.swift */,
				CB37F14C23F77592007870BB /* Info.plist */,
				CB37F15323F779FA007870BB /* Model */,
				CB37F15223F775FA007870BB /* Controller */,
				CB37F15423F77A03007870BB /* View */,
			);
			path = Miawouf;
			sourceTree = "<group>";
		};
		CB37F15223F775FA007870BB /* Controller */ = {
			isa = PBXGroup;
			children = (
			);
			path = Controller;
			sourceTree = "<group>";
		};
		CB37F15323F779FA007870BB /* Model */ = {
			isa = PBXGroup;
			children = (
				CB37F15523F77A5B007870BB /* Races.swift */,
			);
			path = Model;
			sourceTree = "<group>";
		};
		CB37F15423F77A03007870BB /* View */ = {
			isa = PBXGroup;
			children = (
				CB37F14423F7758D007870BB /* Main.storyboard */,
				CB37F14723F77591007870BB /* Assets.xcassets */,
				CB37F14923F77591007870BB /* LaunchScreen.storyboard */,
			);
			path = View;
			sourceTree = "<group>";
		};
/* End PBXGroup section */

/* Begin PBXNativeTarget section */
		CB37F13A23F7758D007870BB /* Miawouf */ = {
			isa = PBXNativeTarget;
			buildConfigurationList = CB37F14F23F77592007870BB /* Build configuration list for PBXNativeTarget "Miawouf" */;
			buildPhases = (
				CB37F13723F7758D007870BB /* Sources */,
				CB37F13823F7758D007870BB /* Frameworks */,
				CB37F13923F7758D007870BB /* Resources */,
			);
			buildRules = (
			);
			dependencies = (
			);
			name = Miawouf;
			productName = Miawouf;
			productReference = CB37F13B23F7758D007870BB /* Miawouf.app */;
			productType = "com.apple.product-type.application";
		};
/* End PBXNativeTarget section */

/* Begin PBXProject section */
		CB37F13323F7758D007870BB /* Project object */ = {
			isa = PBXProject;
			attributes = {
				LastSwiftUpdateCheck = 1130;
				LastUpgradeCheck = 1130;
				ORGANIZATIONNAME = "Florian Peyrony";
				TargetAttributes = {
					CB37F13A23F7758D007870BB = {
						CreatedOnToolsVersion = 11.3.1;
					};
				};
			};
			buildConfigurationList = CB37F13623F7758D007870BB /* Build configuration list for PBXProject "Miawouf" */;
			compatibilityVersion = "Xcode 9.3";
			developmentRegion = en;
			hasScannedForEncodings = 0;
			knownRegions = (
				en,
				Base,
			);
			mainGroup = CB37F13223F7758D007870BB;
			productRefGroup = CB37F13C23F7758D007870BB /* Products */;
			projectDirPath = "";
			projectRoot = "";
			targets = (
				CB37F13A23F7758D007870BB /* Miawouf */,
			);
		};
/* End PBXProject section */

/* Begin PBXResourcesBuildPhase section */
		CB37F13923F7758D007870BB /* Resources */ = {
			isa = PBXResourcesBuildPhase;
			buildActionMask = 2147483647;
			files = (
				CB37F14B23F77591007870BB /* LaunchScreen.storyboard in Resources */,
				CB37F14823F77591007870BB /* Assets.xcassets in Resources */,
				CB37F14623F7758D007870BB /* Main.storyboard in Resources */,
			);
			runOnlyForDeploymentPostprocessing = 0;
		};
/* End PBXResourcesBuildPhase section */

/* Begin PBXSourcesBuildPhase section */
		CB37F13723F7758D007870BB /* Sources */ = {
			isa = PBXSourcesBuildPhase;
			buildActionMask = 2147483647;
			files = (
				CB37F13F23F7758D007870BB /* AppDelegate.swift in Sources */,
				CB37F14123F7758D007870BB /* SceneDelegate.swift in Sources */,
				CB37F15623F77A5B007870BB /* Races.swift in Sources */,
			);
			runOnlyForDeploymentPostprocessing = 0;
		};
/* End PBXSourcesBuildPhase section */

/* Begin PBXVariantGroup section */
		CB37F14423F7758D007870BB /* Main.storyboard */ = {
			isa = PBXVariantGroup;
			children = (
				CB37F14523F7758D007870BB /* Base */,
			);
			name = Main.storyboard;
			sourceTree = "<group>";
		};
		CB37F14923F77591007870BB /* LaunchScreen.storyboard */ = {
			isa = PBXVariantGroup;
			children = (
				CB37F14A23F77591007870BB /* Base */,
			);
			name = LaunchScreen.storyboard;
			sourceTree = "<group>";
		};
/* End PBXVariantGroup section */

/* Begin XCBuildConfiguration section */
		CB37F14D23F77592007870BB /* Debug */ = {
			isa = XCBuildConfiguration;
			buildSettings = {
				ALWAYS_SEARCH_USER_PATHS = NO;
				CLANG_ANALYZER_NONNULL = YES;
				CLANG_ANALYZER_NUMBER_OBJECT_CONVERSION = YES_AGGRESSIVE;
				CLANG_CXX_LANGUAGE_STANDARD = "gnu++14";
				CLANG_CXX_LIBRARY = "libc++";
				CLANG_ENABLE_MODULES = YES;
				CLANG_ENABLE_OBJC_ARC = YES;
				CLANG_ENABLE_OBJC_WEAK = YES;
				CLANG_WARN_BLOCK_CAPTURE_AUTORELEASING = YES;
				CLANG_WARN_BOOL_CONVERSION = YES;
				CLANG_WARN_COMMA = YES;
				CLANG_WARN_CONSTANT_CONVERSION = YES;
				CLANG_WARN_DEPRECATED_OBJC_IMPLEMENTATIONS = YES;
				CLANG_WARN_DIRECT_OBJC_ISA_USAGE = YES_ERROR;
				CLANG_WARN_DOCUMENTATION_COMMENTS = YES;
				CLANG_WARN_EMPTY_BODY = YES;
				CLANG_WARN_ENUM_CONVERSION = YES;
				CLANG_WARN_INFINITE_RECURSION = YES;
				CLANG_WARN_INT_CONVERSION = YES;
				CLANG_WARN_NON_LITERAL_NULL_CONVERSION = YES;
				CLANG_WARN_OBJC_IMPLICIT_RETAIN_SELF = YES;
				CLANG_WARN_OBJC_LITERAL_CONVERSION = YES;
				CLANG_WARN_OBJC_ROOT_CLASS = YES_ERROR;
				CLANG_WARN_RANGE_LOOP_ANALYSIS = YES;
				CLANG_WARN_STRICT_PROTOTYPES = YES;
				CLANG_WARN_SUSPICIOUS_MOVE = YES;
				CLANG_WARN_UNGUARDED_AVAILABILITY = YES_AGGRESSIVE;
				CLANG_WARN_UNREACHABLE_CODE = YES;
				CLANG_WARN__DUPLICATE_METHOD_MATCH = YES;
				COPY_PHASE_STRIP = NO;
				DEBUG_INFORMATION_FORMAT = dwarf;
				ENABLE_STRICT_OBJC_MSGSEND = YES;
				ENABLE_TESTABILITY = YES;
				GCC_C_LANGUAGE_STANDARD = gnu11;
				GCC_DYNAMIC_NO_PIC = NO;
				GCC_NO_COMMON_BLOCKS = YES;
				GCC_OPTIMIZATION_LEVEL = 0;
				GCC_PREPROCESSOR_DEFINITIONS = (
					"DEBUG=1",
					"$(inherited)",
				);
				GCC_WARN_64_TO_32_BIT_CONVERSION = YES;
				GCC_WARN_ABOUT_RETURN_TYPE = YES_ERROR;
				GCC_WARN_UNDECLARED_SELECTOR = YES;
				GCC_WARN_UNINITIALIZED_AUTOS = YES_AGGRESSIVE;
				GCC_WARN_UNUSED_FUNCTION = YES;
				GCC_WARN_UNUSED_VARIABLE = YES;
				IPHONEOS_DEPLOYMENT_TARGET = 13.2;
				MTL_ENABLE_DEBUG_INFO = INCLUDE_SOURCE;
				MTL_FAST_MATH = YES;
				ONLY_ACTIVE_ARCH = YES;
				SDKROOT = iphoneos;
				SWIFT_ACTIVE_COMPILATION_CONDITIONS = DEBUG;
				SWIFT_OPTIMIZATION_LEVEL = "-Onone";
			};
			name = Debug;
		};
		CB37F14E23F77592007870BB /* Release */ = {
			isa = XCBuildConfiguration;
			buildSettings = {
				ALWAYS_SEARCH_USER_PATHS = NO;
				CLANG_ANALYZER_NONNULL = YES;
				CLANG_ANALYZER_NUMBER_OBJECT_CONVERSION = YES_AGGRESSIVE;
				CLANG_CXX_LANGUAGE_STANDARD = "gnu++14";
				CLANG_CXX_LIBRARY = "libc++";
				CLANG_ENABLE_MODULES = YES;
				CLANG_ENABLE_OBJC_ARC = YES;
				CLANG_ENABLE_OBJC_WEAK = YES;
				CLANG_WARN_BLOCK_CAPTURE_AUTORELEASING = YES;
				CLANG_WARN_BOOL_CONVERSION = YES;
				CLANG_WARN_COMMA = YES;
				CLANG_WARN_CONSTANT_CONVERSION = YES;
				CLANG_WARN_DEPRECATED_OBJC_IMPLEMENTATIONS = YES;
				CLANG_WARN_DIRECT_OBJC_ISA_USAGE = YES_ERROR;
				CLANG_WARN_DOCUMENTATION_COMMENTS = YES;
				CLANG_WARN_EMPTY_BODY = YES;
				CLANG_WARN_ENUM_CONVERSION = YES;
				CLANG_WARN_INFINITE_RECURSION = YES;
				CLANG_WARN_INT_CONVERSION = YES;
				CLANG_WARN_NON_LITERAL_NULL_CONVERSION = YES;
				CLANG_WARN_OBJC_IMPLICIT_RETAIN_SELF = YES;
				CLANG_WARN_OBJC_LITERAL_CONVERSION = YES;
				CLANG_WARN_OBJC_ROOT_CLASS = YES_ERROR;
				CLANG_WARN_RANGE_LOOP_ANALYSIS = YES;
				CLANG_WARN_STRICT_PROTOTYPES = YES;
				CLANG_WARN_SUSPICIOUS_MOVE = YES;
				CLANG_WARN_UNGUARDED_AVAILABILITY = YES_AGGRESSIVE;
				CLANG_WARN_UNREACHABLE_CODE = YES;
				CLANG_WARN__DUPLICATE_METHOD_MATCH = YES;
				COPY_PHASE_STRIP = NO;
				DEBUG_INFORMATION_FORMAT = "dwarf-with-dsym";
				ENABLE_NS_ASSERTIONS = NO;
				ENABLE_STRICT_OBJC_MSGSEND = YES;
				GCC_C_LANGUAGE_STANDARD = gnu11;
				GCC_NO_COMMON_BLOCKS = YES;
				GCC_WARN_64_TO_32_BIT_CONVERSION = YES;
				GCC_WARN_ABOUT_RETURN_TYPE = YES_ERROR;
				GCC_WARN_UNDECLARED_SELECTOR = YES;
				GCC_WARN_UNINITIALIZED_AUTOS = YES_AGGRESSIVE;
				GCC_WARN_UNUSED_FUNCTION = YES;
				GCC_WARN_UNUSED_VARIABLE = YES;
				IPHONEOS_DEPLOYMENT_TARGET = 13.2;
				MTL_ENABLE_DEBUG_INFO = NO;
				MTL_FAST_MATH = YES;
				SDKROOT = iphoneos;
				SWIFT_COMPILATION_MODE = wholemodule;
				SWIFT_OPTIMIZATION_LEVEL = "-O";
				VALIDATE_PRODUCT = YES;
			};
			name = Release;
		};
		CB37F15023F77592007870BB /* Debug */ = {
			isa = XCBuildConfiguration;
			buildSettings = {
				ASSETCATALOG_COMPILER_APPICON_NAME = AppIcon;
				CODE_SIGN_STYLE = Automatic;
				DEVELOPMENT_TEAM = 357SCH38Y3;
				INFOPLIST_FILE = Miawouf/Info.plist;
				LD_RUNPATH_SEARCH_PATHS = (
					"$(inherited)",
					"@executable_path/Frameworks",
				);
				PRODUCT_BUNDLE_IDENTIFIER = com.PeyronyFlorian.Miawouf;
				PRODUCT_NAME = "$(TARGET_NAME)";
				SWIFT_VERSION = 5.0;
				TARGETED_DEVICE_FAMILY = "1,2";
			};
			name = Debug;
		};
		CB37F15123F77592007870BB /* Release */ = {
			isa = XCBuildConfiguration;
			buildSettings = {
				ASSETCATALOG_COMPILER_APPICON_NAME = AppIcon;
				CODE_SIGN_STYLE = Automatic;
				DEVELOPMENT_TEAM = 357SCH38Y3;
				INFOPLIST_FILE = Miawouf/Info.plist;
				LD_RUNPATH_SEARCH_PATHS = (
					"$(inherited)",
					"@executable_path/Frameworks",
				);
				PRODUCT_BUNDLE_IDENTIFIER = com.PeyronyFlorian.Miawouf;
				PRODUCT_NAME = "$(TARGET_NAME)";
				SWIFT_VERSION = 5.0;
				TARGETED_DEVICE_FAMILY = "1,2";
			};
			name = Release;
		};
/* End XCBuildConfiguration section */

/* Begin XCConfigurationList section */
		CB37F13623F7758D007870BB /* Build configuration list for PBXProject "Miawouf" */ = {
			isa = XCConfigurationList;
			buildConfigurations = (
				CB37F14D23F77592007870BB /* Debug */,
				CB37F14E23F77592007870BB /* Release */,
			);
			defaultConfigurationIsVisible = 0;
			defaultConfigurationName = Release;
		};
		CB37F14F23F77592007870BB /* Build configuration list for PBXNativeTarget "Miawouf" */ = {
			isa = XCConfigurationList;
			buildConfigurations = (
				CB37F15023F77592007870BB /* Debug */,
				CB37F15123F77592007870BB /* Release */,
			);
			defaultConfigurationIsVisible = 0;
			defaultConfigurationName = Release;
		};
/* End XCConfigurationList section */
	};
	rootObject = CB37F13323F7758D007870BB /* Project object */;
}
